
Microsoft Visual Studio Solution File, Format Version 12.00
# Visual Studio Version 17
VisualStudioVersion = 17.5.33627.172
MinimumVisualStudioVersion = 10.0.40219.1
Project("{FAE04EC0-301F-11D3-BF4B-00C04F79EFBC}") = "X12GPS.Android", "X12GPS\X12GPS.Android\X12GPS.Android.csproj", "{D74612F1-DFC6-42D2-BDB0-39F9415F25A6}"
EndProject
Project("{FAE04EC0-301F-11D3-BF4B-00C04F79EFBC}") = "X12GPS", "X12GPS\X12GPS\X12GPS.csproj", "{E22B6A37-C7DC-4FAE-9904-BBCB0D546D61}"
EndProject
Global
	GlobalSection(SolutionConfigurationPlatforms) = preSolution
		Debug|Any CPU = Debug|Any CPU
		Release|Any CPU = Release|Any CPU
	EndGlobalSection
	GlobalSection(ProjectConfigurationPlatforms) = postSolution
		{D74612F1-DFC6-42D2-BDB0-39F9415F25A6}.Debug|Any CPU.ActiveCfg = Debug|Any CPU
		{D74612F1-DFC6-42D2-BDB0-39F9415F25A6}.Debug|Any CPU.Build.0 = Debug|Any CPU
		{D74612F1-DFC6-42D2-BDB0-39F9415F25A6}.Debug|Any CPU.Deploy.0 = Debug|Any CPU
		{D74612F1-DFC6-42D2-BDB0-39F9415F25A6}.Release|Any CPU.ActiveCfg = Release|Any CPU
		{D74612F1-DFC6-42D2-BDB0-39F9415F25A6}.Release|Any CPU.Build.0 = Release|Any CPU
		{D74612F1-DFC6-42D2-BDB0-39F9415F25A6}.Release|Any CPU.Deploy.0 = Release|Any CPU
		{E22B6A37-C7DC-4FAE-9904-BBCB0D546D61}.Debug|Any CPU.ActiveCfg = Debug|Any CPU
		{E22B6A37-C7DC-4FAE-9904-BBCB0D546D61}.Debug|Any CPU.Build.0 = Debug|Any CPU
		{E22B6A37-C7DC-4FAE-9904-BBCB0D546D61}.Debug|Any CPU.Deploy.0 = Debug|Any CPU
		{E22B6A37-C7DC-4FAE-9904-BBCB0D546D61}.Release|Any CPU.ActiveCfg = Release|Any CPU
		{E22B6A37-C7DC-4FAE-9904-BBCB0D546D61}.Release|Any CPU.Build.0 = Release|Any CPU
		{E22B6A37-C7DC-4FAE-9904-BBCB0D546D61}.Release|Any CPU.Deploy.0 = Release|Any CPU
	EndGlobalSection
	GlobalSection(SolutionProperties) = preSolution
		HideSolutionNode = FALSE
	EndGlobalSection
	GlobalSection(ExtensibilityGlobals) = postSolution
		SolutionGuid = {FCF8E712-C0A2-48F3-83EC-416EA19DE86E}
	EndGlobalSection
EndGlobal
