
Microsoft Visual Studio Solution File, Format Version 12.00
# Visual Studio Version 17
VisualStudioVersion = 17.5.33627.172
MinimumVisualStudioVersion = 10.0.40219.1
Project("{FAE04EC0-301F-11D3-BF4B-00C04F79EFBC}") = "X07TableViewAndListViewExercise.Android", "X07TableViewAndListViewExercise\X07TableViewAndListViewExercise.Android\X07TableViewAndListViewExercise.Android.csproj", "{8A4F1396-3C55-48DE-B7D1-416160EF54D4}"
EndProject
Project("{FAE04EC0-301F-11D3-BF4B-00C04F79EFBC}") = "X07TableViewAndListViewExercise", "X07TableViewAndListViewExercise\X07TableViewAndListViewExercise\X07TableViewAndListViewExercise.csproj", "{188ECE0B-FAB9-4CF6-A055-C86E9D3B6C64}"
EndProject
Global
	GlobalSection(SolutionConfigurationPlatforms) = preSolution
		Debug|Any CPU = Debug|Any CPU
		Release|Any CPU = Release|Any CPU
	EndGlobalSection
	GlobalSection(ProjectConfigurationPlatforms) = postSolution
		{8A4F1396-3C55-48DE-B7D1-416160EF54D4}.Debug|Any CPU.ActiveCfg = Debug|Any CPU
		{8A4F1396-3C55-48DE-B7D1-416160EF54D4}.Debug|Any CPU.Build.0 = Debug|Any CPU
		{8A4F1396-3C55-48DE-B7D1-416160EF54D4}.Debug|Any CPU.Deploy.0 = Debug|Any CPU
		{8A4F1396-3C55-48DE-B7D1-416160EF54D4}.Release|Any CPU.ActiveCfg = Release|Any CPU
		{8A4F1396-3C55-48DE-B7D1-416160EF54D4}.Release|Any CPU.Build.0 = Release|Any CPU
		{8A4F1396-3C55-48DE-B7D1-416160EF54D4}.Release|Any CPU.Deploy.0 = Release|Any CPU
		{188ECE0B-FAB9-4CF6-A055-C86E9D3B6C64}.Debug|Any CPU.ActiveCfg = Debug|Any CPU
		{188ECE0B-FAB9-4CF6-A055-C86E9D3B6C64}.Debug|Any CPU.Build.0 = Debug|Any CPU
		{188ECE0B-FAB9-4CF6-A055-C86E9D3B6C64}.Debug|Any CPU.Deploy.0 = Debug|Any CPU
		{188ECE0B-FAB9-4CF6-A055-C86E9D3B6C64}.Release|Any CPU.ActiveCfg = Release|Any CPU
		{188ECE0B-FAB9-4CF6-A055-C86E9D3B6C64}.Release|Any CPU.Build.0 = Release|Any CPU
		{188ECE0B-FAB9-4CF6-A055-C86E9D3B6C64}.Release|Any CPU.Deploy.0 = Release|Any CPU
	EndGlobalSection
	GlobalSection(SolutionProperties) = preSolution
		HideSolutionNode = FALSE
	EndGlobalSection
	GlobalSection(ExtensibilityGlobals) = postSolution
		SolutionGuid = {7D88F082-5EFE-4816-BA95-022A10A6092E}
	EndGlobalSection
EndGlobal
