
Microsoft Visual Studio Solution File, Format Version 12.00
# Visual Studio Version 17
VisualStudioVersion = 17.5.33627.172
MinimumVisualStudioVersion = 10.0.40219.1
Project("{FAE04EC0-301F-11D3-BF4B-00C04F79EFBC}") = "X04-GridLayout.Android", "X04-GridLayout\X04-GridLayout.Android\X04-GridLayout.Android.csproj", "{58DDFA0F-14E6-4115-9FBC-EAE2D8D03D28}"
EndProject
Project("{FAE04EC0-301F-11D3-BF4B-00C04F79EFBC}") = "X04-GridLayout", "X04-GridLayout\X04-GridLayout\X04-GridLayout.csproj", "{27C3C158-51A6-4879-9667-44F428907ED2}"
EndProject
Global
	GlobalSection(SolutionConfigurationPlatforms) = preSolution
		Debug|Any CPU = Debug|Any CPU
		Release|Any CPU = Release|Any CPU
	EndGlobalSection
	GlobalSection(ProjectConfigurationPlatforms) = postSolution
		{58DDFA0F-14E6-4115-9FBC-EAE2D8D03D28}.Debug|Any CPU.ActiveCfg = Debug|Any CPU
		{58DDFA0F-14E6-4115-9FBC-EAE2D8D03D28}.Debug|Any CPU.Build.0 = Debug|Any CPU
		{58DDFA0F-14E6-4115-9FBC-EAE2D8D03D28}.Debug|Any CPU.Deploy.0 = Debug|Any CPU
		{58DDFA0F-14E6-4115-9FBC-EAE2D8D03D28}.Release|Any CPU.ActiveCfg = Release|Any CPU
		{58DDFA0F-14E6-4115-9FBC-EAE2D8D03D28}.Release|Any CPU.Build.0 = Release|Any CPU
		{58DDFA0F-14E6-4115-9FBC-EAE2D8D03D28}.Release|Any CPU.Deploy.0 = Release|Any CPU
		{27C3C158-51A6-4879-9667-44F428907ED2}.Debug|Any CPU.ActiveCfg = Debug|Any CPU
		{27C3C158-51A6-4879-9667-44F428907ED2}.Debug|Any CPU.Build.0 = Debug|Any CPU
		{27C3C158-51A6-4879-9667-44F428907ED2}.Debug|Any CPU.Deploy.0 = Debug|Any CPU
		{27C3C158-51A6-4879-9667-44F428907ED2}.Release|Any CPU.ActiveCfg = Release|Any CPU
		{27C3C158-51A6-4879-9667-44F428907ED2}.Release|Any CPU.Build.0 = Release|Any CPU
		{27C3C158-51A6-4879-9667-44F428907ED2}.Release|Any CPU.Deploy.0 = Release|Any CPU
	EndGlobalSection
	GlobalSection(SolutionProperties) = preSolution
		HideSolutionNode = FALSE
	EndGlobalSection
	GlobalSection(ExtensibilityGlobals) = postSolution
		SolutionGuid = {BFE9D345-A85F-4D56-BDBE-264B680AFF7B}
	EndGlobalSection
EndGlobal
