
Microsoft Visual Studio Solution File, Format Version 12.00
# Visual Studio Version 17
VisualStudioVersion = 17.5.33627.172
MinimumVisualStudioVersion = 10.0.40219.1
Project("{FAE04EC0-301F-11D3-BF4B-00C04F79EFBC}") = "X13MapsGeoCoding.Android", "X13MapsGeoCoding\X13MapsGeoCoding.Android\X13MapsGeoCoding.Android.csproj", "{9F2D4E48-D250-4BCD-A406-4663DCD7A9FC}"
EndProject
Project("{FAE04EC0-301F-11D3-BF4B-00C04F79EFBC}") = "X13MapsGeoCoding", "X13MapsGeoCoding\X13MapsGeoCoding\X13MapsGeoCoding.csproj", "{224F5F5D-1F9F-471B-ABAC-FB202942736F}"
EndProject
Global
	GlobalSection(SolutionConfigurationPlatforms) = preSolution
		Debug|Any CPU = Debug|Any CPU
		Release|Any CPU = Release|Any CPU
	EndGlobalSection
	GlobalSection(ProjectConfigurationPlatforms) = postSolution
		{9F2D4E48-D250-4BCD-A406-4663DCD7A9FC}.Debug|Any CPU.ActiveCfg = Debug|Any CPU
		{9F2D4E48-D250-4BCD-A406-4663DCD7A9FC}.Debug|Any CPU.Build.0 = Debug|Any CPU
		{9F2D4E48-D250-4BCD-A406-4663DCD7A9FC}.Debug|Any CPU.Deploy.0 = Debug|Any CPU
		{9F2D4E48-D250-4BCD-A406-4663DCD7A9FC}.Release|Any CPU.ActiveCfg = Release|Any CPU
		{9F2D4E48-D250-4BCD-A406-4663DCD7A9FC}.Release|Any CPU.Build.0 = Release|Any CPU
		{9F2D4E48-D250-4BCD-A406-4663DCD7A9FC}.Release|Any CPU.Deploy.0 = Release|Any CPU
		{224F5F5D-1F9F-471B-ABAC-FB202942736F}.Debug|Any CPU.ActiveCfg = Debug|Any CPU
		{224F5F5D-1F9F-471B-ABAC-FB202942736F}.Debug|Any CPU.Build.0 = Debug|Any CPU
		{224F5F5D-1F9F-471B-ABAC-FB202942736F}.Debug|Any CPU.Deploy.0 = Debug|Any CPU
		{224F5F5D-1F9F-471B-ABAC-FB202942736F}.Release|Any CPU.ActiveCfg = Release|Any CPU
		{224F5F5D-1F9F-471B-ABAC-FB202942736F}.Release|Any CPU.Build.0 = Release|Any CPU
		{224F5F5D-1F9F-471B-ABAC-FB202942736F}.Release|Any CPU.Deploy.0 = Release|Any CPU
	EndGlobalSection
	GlobalSection(SolutionProperties) = preSolution
		HideSolutionNode = FALSE
	EndGlobalSection
	GlobalSection(ExtensibilityGlobals) = postSolution
		SolutionGuid = {C7E68730-562A-4497-8676-A7521AEB0448}
	EndGlobalSection
EndGlobal
