
Microsoft Visual Studio Solution File, Format Version 12.00
# Visual Studio Version 17
VisualStudioVersion = 17.5.33627.172
MinimumVisualStudioVersion = 10.0.40219.1
Project("{FAE04EC0-301F-11D3-BF4B-00C04F79EFBC}") = "X07ListView.Android", "X07ListView\X07ListView.Android\X07ListView.Android.csproj", "{B8944360-4460-4940-9FA6-D13DDEB55122}"
EndProject
Project("{FAE04EC0-301F-11D3-BF4B-00C04F79EFBC}") = "X07ListView", "X07ListView\X07ListView\X07ListView.csproj", "{182688D5-1BAC-4700-AC74-4A14BC28920A}"
EndProject
Global
	GlobalSection(SolutionConfigurationPlatforms) = preSolution
		Debug|Any CPU = Debug|Any CPU
		Release|Any CPU = Release|Any CPU
	EndGlobalSection
	GlobalSection(ProjectConfigurationPlatforms) = postSolution
		{B8944360-4460-4940-9FA6-D13DDEB55122}.Debug|Any CPU.ActiveCfg = Debug|Any CPU
		{B8944360-4460-4940-9FA6-D13DDEB55122}.Debug|Any CPU.Build.0 = Debug|Any CPU
		{B8944360-4460-4940-9FA6-D13DDEB55122}.Debug|Any CPU.Deploy.0 = Debug|Any CPU
		{B8944360-4460-4940-9FA6-D13DDEB55122}.Release|Any CPU.ActiveCfg = Release|Any CPU
		{B8944360-4460-4940-9FA6-D13DDEB55122}.Release|Any CPU.Build.0 = Release|Any CPU
		{B8944360-4460-4940-9FA6-D13DDEB55122}.Release|Any CPU.Deploy.0 = Release|Any CPU
		{182688D5-1BAC-4700-AC74-4A14BC28920A}.Debug|Any CPU.ActiveCfg = Debug|Any CPU
		{182688D5-1BAC-4700-AC74-4A14BC28920A}.Debug|Any CPU.Build.0 = Debug|Any CPU
		{182688D5-1BAC-4700-AC74-4A14BC28920A}.Debug|Any CPU.Deploy.0 = Debug|Any CPU
		{182688D5-1BAC-4700-AC74-4A14BC28920A}.Release|Any CPU.ActiveCfg = Release|Any CPU
		{182688D5-1BAC-4700-AC74-4A14BC28920A}.Release|Any CPU.Build.0 = Release|Any CPU
		{182688D5-1BAC-4700-AC74-4A14BC28920A}.Release|Any CPU.Deploy.0 = Release|Any CPU
	EndGlobalSection
	GlobalSection(SolutionProperties) = preSolution
		HideSolutionNode = FALSE
	EndGlobalSection
	GlobalSection(ExtensibilityGlobals) = postSolution
		SolutionGuid = {D7BD97AA-F178-42BD-A827-C0404C91F6A3}
	EndGlobalSection
EndGlobal
